# This file is autogenerated, do not edit; changes may be undone by the next 'dep ensure'.


[[projects]]
  branch = "ACT-625-scanner-custom-errors"
  digest = "1:a0921d22827c79ad21fbe443623132344ac91ebddd4c4717a2429b107046ca4a"
  name = "github.com/bitrise-io/bitrise-init"
  packages = ["step"]
  pruneopts = "UT"
  revision = "791475392ae083e2c56679b4eb61bdec3e752fa9"

[[projects]]
  branch = "master"
  digest = "1:774a30075d61df0eb252ff2a1d49b932496bffefc999d79208a9f71b7f9f799a"
  name = "github.com/bitrise-io/envman"
  packages = [
    "envman",
    "models",
  ]
  pruneopts = "UT"
  revision = "919e33f391ee97e87193ae604967f02707a64e37"

[[projects]]
  branch = "ACT-625-scanner-custom-error"
  digest = "1:c308a516c0cf52dbcea01d0e77330991fc32caaeca43803b6a6ac76c5a64c599"
  name = "github.com/bitrise-io/go-steputils"
  packages = [
    "stepconf",
    "tools",
  ]
  pruneopts = "UT"
  revision = "fc7d4866475c547103935489e341e124f4989f37"

[[projects]]
  branch = "master"
  digest = "1:2857c2a684df7cb8afca579504a5b8fe747f3a2567276c6c27500a3c0a26bb62"
  name = "github.com/bitrise-io/go-utils"
  packages = [
    "colorstring",
    "command",
    "command/git",
    "errorutil",
    "fileutil",
    "log",
    "parseutil",
    "pathutil",
    "pointers",
    "retry",
  ]
  pruneopts = "UT"
  revision = "0c47c16813a4209321c9d0dba2e75867d6901ff2"

[[projects]]
  branch = "master"
  digest = "1:980e760f25b82cb4ffe32b146956029f1f5c8bea3c39f9f973cc023d4ae965b1"
  name = "github.com/bitrise-io/goinp"
  packages = ["goinp"]
  pruneopts = "UT"
  revision = "bd18a8681e272db4696c50152b288f722d08b914"

[[projects]]
  branch = "master"
  digest = "1:c381e2867d447cca3e74dbfb0c8ed371a4583c694b35838c5c642a2b79480fc6"
  name = "golang.org/x/crypto"
  packages = ["ssh/terminal"]
  pruneopts = "UT"
  revision = "7f63de1d35b0f77fa2b9faea3e7deb402a2383c8"

[[projects]]
  branch = "master"
  digest = "1:0f8c7660821796ffd401a177c2b65dc460d9ea72616e367b65e86e059fb4f130"
  name = "golang.org/x/sys"
  packages = [
    "internal/unsafeheader",
    "unix",
    "windows",
  ]
  pruneopts = "UT"
  revision = "ac719f4daadf9a497a732e2461f70b8720a0287c"

[[projects]]
  digest = "1:d7f1bd887dc650737a421b872ca883059580e9f8314d601f88025df4f4802dce"
  name = "gopkg.in/yaml.v2"
  packages = ["."]
  pruneopts = "UT"
  revision = "0b1645d91e851e735d3e23330303ce81f70adbe3"
  version = "v2.3.0"

[solve-meta]
  analyzer-name = "dep"
  analyzer-version = 1
  input-imports = [
    "github.com/bitrise-io/bitrise-init/step",
    "github.com/bitrise-io/envman/envman",
    "github.com/bitrise-io/go-steputils/stepconf",
    "github.com/bitrise-io/go-steputils/tools",
    "github.com/bitrise-io/go-utils/command",
    "github.com/bitrise-io/go-utils/command/git",
    "github.com/bitrise-io/go-utils/log",
    "github.com/bitrise-io/go-utils/pathutil",
    "github.com/bitrise-io/go-utils/retry",
  ]
  solver-name = "gps-cdcl"
  solver-version = 1
