# This file is autogenerated, do not edit; changes may be undone by the next 'dep ensure'.


[[projects]]
  branch = "revision"
  name = "github.com/bitrise-io/go-utils"
  packages = ["colorstring","command","command/git","errorutil","log","pathutil","retry"]
  revision = "541b0a8fb6ee4caac06d45c4b1105d37b4bcadd6"

[solve-meta]
  analyzer-name = "dep"
  analyzer-version = 1
  inputs-digest = "1a9a4a1fe5f076004217d09462ce0127adcb3c4f55c409a887edf4d38c850032"
  solver-name = "gps-cdcl"
  solver-version = 1
